
Microsoft Visual Studio Solution File, Format Version 12.00
Project("{FAE04EC0-301F-11D3-BF4B-00C04F79EFBC}") = "BotLife.App", "BotLife.App\BotLife.App.csproj", "{7BFAA02A-BBC5-4C2F-BB4A-23A6EC9B5C71}"
EndProject
Project("{FAE04EC0-301F-11D3-BF4B-00C04F79EFBC}") = "BotLife.Application.Tests", "BotLife.Application.Tests\BotLife.Application.Tests.csproj", "{14ADBC25-C06B-46EC-9009-93B0E7541182}"
EndProject
Project("{FAE04EC0-301F-11D3-BF4B-00C04F79EFBC}") = "BotLife.Ui", "BotLife.Ui\BotLife.Ui.csproj", "{3F99B39F-C97E-4965-9E22-3B014F2511C4}"
EndProject
Project("{FAE04EC0-301F-11D3-BF4B-00C04F79EFBC}") = "BotLife.Application", "BotLife.Application\BotLife.Application.csproj", "{83C33DF5-A6F6-42ED-B59A-800D230F1467}"
EndProject
Project("{FAE04EC0-301F-11D3-BF4B-00C04F79EFBC}") = "BotLife.Api", "BotLife.Api\BotLife.Api.csproj", "{548C09D0-FF98-4BDF-AA11-D9DBD37A00B4}"
EndProject
Project("{FAE04EC0-301F-11D3-BF4B-00C04F79EFBC}") = "BotLife.Db", "BotLife.Db\BotLife.Db.csproj", "{6DC400A5-B91B-40D2-86B2-CFFA763D70FC}"
EndProject
Project("{FAE04EC0-301F-11D3-BF4B-00C04F79EFBC}") = "BotLife.Consumer", "BotLife.Consumer\BotLife.Consumer.csproj", "{AD0CFD02-BB54-4131-B419-84E325417750}"
EndProject
Project("{FAE04EC0-301F-11D3-BF4B-00C04F79EFBC}") = "BotLife.Contracts", "BotLife.Contracts\BotLife.Contracts.csproj", "{AE5C8495-A161-4D2A-B76E-11C3CCB86C6C}"
EndProject
Project("{FAE04EC0-301F-11D3-BF4B-00C04F79EFBC}") = "BotLife.DataAccess", "BotLife.DataAccess\BotLife.DataAccess.csproj", "{B8237696-3D95-455A-92DA-957EA4B4791F}"
EndProject
Global
	GlobalSection(SolutionConfigurationPlatforms) = preSolution
		Debug|Any CPU = Debug|Any CPU
		Release|Any CPU = Release|Any CPU
	EndGlobalSection
	GlobalSection(ProjectConfigurationPlatforms) = postSolution
		{7BFAA02A-BBC5-4C2F-BB4A-23A6EC9B5C71}.Debug|Any CPU.ActiveCfg = Debug|Any CPU
		{7BFAA02A-BBC5-4C2F-BB4A-23A6EC9B5C71}.Debug|Any CPU.Build.0 = Debug|Any CPU
		{7BFAA02A-BBC5-4C2F-BB4A-23A6EC9B5C71}.Release|Any CPU.ActiveCfg = Release|Any CPU
		{7BFAA02A-BBC5-4C2F-BB4A-23A6EC9B5C71}.Release|Any CPU.Build.0 = Release|Any CPU
		{14ADBC25-C06B-46EC-9009-93B0E7541182}.Debug|Any CPU.ActiveCfg = Debug|Any CPU
		{14ADBC25-C06B-46EC-9009-93B0E7541182}.Debug|Any CPU.Build.0 = Debug|Any CPU
		{14ADBC25-C06B-46EC-9009-93B0E7541182}.Release|Any CPU.ActiveCfg = Release|Any CPU
		{14ADBC25-C06B-46EC-9009-93B0E7541182}.Release|Any CPU.Build.0 = Release|Any CPU
		{3F99B39F-C97E-4965-9E22-3B014F2511C4}.Debug|Any CPU.ActiveCfg = Debug|Any CPU
		{3F99B39F-C97E-4965-9E22-3B014F2511C4}.Debug|Any CPU.Build.0 = Debug|Any CPU
		{3F99B39F-C97E-4965-9E22-3B014F2511C4}.Release|Any CPU.ActiveCfg = Release|Any CPU
		{3F99B39F-C97E-4965-9E22-3B014F2511C4}.Release|Any CPU.Build.0 = Release|Any CPU
		{83C33DF5-A6F6-42ED-B59A-800D230F1467}.Debug|Any CPU.ActiveCfg = Debug|Any CPU
		{83C33DF5-A6F6-42ED-B59A-800D230F1467}.Debug|Any CPU.Build.0 = Debug|Any CPU
		{83C33DF5-A6F6-42ED-B59A-800D230F1467}.Release|Any CPU.ActiveCfg = Release|Any CPU
		{83C33DF5-A6F6-42ED-B59A-800D230F1467}.Release|Any CPU.Build.0 = Release|Any CPU
		{548C09D0-FF98-4BDF-AA11-D9DBD37A00B4}.Debug|Any CPU.ActiveCfg = Debug|Any CPU
		{548C09D0-FF98-4BDF-AA11-D9DBD37A00B4}.Debug|Any CPU.Build.0 = Debug|Any CPU
		{548C09D0-FF98-4BDF-AA11-D9DBD37A00B4}.Release|Any CPU.ActiveCfg = Release|Any CPU
		{548C09D0-FF98-4BDF-AA11-D9DBD37A00B4}.Release|Any CPU.Build.0 = Release|Any CPU
		{6DC400A5-B91B-40D2-86B2-CFFA763D70FC}.Debug|Any CPU.ActiveCfg = Debug|Any CPU
		{6DC400A5-B91B-40D2-86B2-CFFA763D70FC}.Debug|Any CPU.Build.0 = Debug|Any CPU
		{6DC400A5-B91B-40D2-86B2-CFFA763D70FC}.Release|Any CPU.ActiveCfg = Release|Any CPU
		{6DC400A5-B91B-40D2-86B2-CFFA763D70FC}.Release|Any CPU.Build.0 = Release|Any CPU
		{AD0CFD02-BB54-4131-B419-84E325417750}.Debug|Any CPU.ActiveCfg = Debug|Any CPU
		{AD0CFD02-BB54-4131-B419-84E325417750}.Debug|Any CPU.Build.0 = Debug|Any CPU
		{AD0CFD02-BB54-4131-B419-84E325417750}.Release|Any CPU.ActiveCfg = Release|Any CPU
		{AD0CFD02-BB54-4131-B419-84E325417750}.Release|Any CPU.Build.0 = Release|Any CPU
		{AE5C8495-A161-4D2A-B76E-11C3CCB86C6C}.Debug|Any CPU.ActiveCfg = Debug|Any CPU
		{AE5C8495-A161-4D2A-B76E-11C3CCB86C6C}.Debug|Any CPU.Build.0 = Debug|Any CPU
		{AE5C8495-A161-4D2A-B76E-11C3CCB86C6C}.Release|Any CPU.ActiveCfg = Release|Any CPU
		{AE5C8495-A161-4D2A-B76E-11C3CCB86C6C}.Release|Any CPU.Build.0 = Release|Any CPU
		{B8237696-3D95-455A-92DA-957EA4B4791F}.Debug|Any CPU.ActiveCfg = Debug|Any CPU
		{B8237696-3D95-455A-92DA-957EA4B4791F}.Debug|Any CPU.Build.0 = Debug|Any CPU
		{B8237696-3D95-455A-92DA-957EA4B4791F}.Release|Any CPU.ActiveCfg = Release|Any CPU
		{B8237696-3D95-455A-92DA-957EA4B4791F}.Release|Any CPU.Build.0 = Release|Any CPU
	EndGlobalSection
EndGlobal
